
Microsoft Visual Studio Solution File, Format Version 12.00
# Visual Studio Version 17
VisualStudioVersion = 17.4.33103.184
MinimumVisualStudioVersion = 10.0.40219.1
Project("{9A19103F-16F7-4668-BE54-9A1E7A4F7556}") = "Blazr.Demo.TypeAhead", "Blazr.Demo.TypeAhead\Blazr.Demo.TypeAhead.csproj", "{C8F633AE-B544-43DE-9B46-63A26CDEB78F}"
EndProject
Project("{2150E333-8FDC-42A3-9474-1A3956D46DE8}") = "Solution Items", "Solution Items", "{351A04E5-CC08-4FBC-8AFA-B08523B9C0AF}"
	ProjectSection(SolutionItems) = preProject
		AutoComplete-Control.md = AutoComplete-Control.md
		Cascading-Select.md = Cascading-Select.md
		Data-Pipeline.md = Data-Pipeline.md
		readme.md = readme.md
	EndProjectSection
EndProject
Global
	GlobalSection(SolutionConfigurationPlatforms) = preSolution
		Debug|Any CPU = Debug|Any CPU
		Release|Any CPU = Release|Any CPU
	EndGlobalSection
	GlobalSection(ProjectConfigurationPlatforms) = postSolution
		{C8F633AE-B544-43DE-9B46-63A26CDEB78F}.Debug|Any CPU.ActiveCfg = Debug|Any CPU
		{C8F633AE-B544-43DE-9B46-63A26CDEB78F}.Debug|Any CPU.Build.0 = Debug|Any CPU
		{C8F633AE-B544-43DE-9B46-63A26CDEB78F}.Release|Any CPU.ActiveCfg = Release|Any CPU
		{C8F633AE-B544-43DE-9B46-63A26CDEB78F}.Release|Any CPU.Build.0 = Release|Any CPU
	EndGlobalSection
	GlobalSection(SolutionProperties) = preSolution
		HideSolutionNode = FALSE
	EndGlobalSection
	GlobalSection(ExtensibilityGlobals) = postSolution
		SolutionGuid = {EC3A913E-B56D-48CC-9448-2CF23F864624}
	EndGlobalSection
EndGlobal
